Microsoft Visual Studio Solution File, Format Version 12.00
# Visual Studio Version 18
VisualStudioVersion = 18.3.11520.95
MinimumVisualStudioVersion = 10.0.40219.1
Project("{2150E333-8FDC-42A3-9474-1A3956D46DE8}") = "Solution Items", "Solution Items", "{8EC462FD-D22E-90A8-E5CE-7E832BA40C5D}"
	ProjectSection(SolutionItems) = preProject
		.editorconfig = .editorconfig
		.github\workflows\ci.yml = .github\workflows\ci.yml
		CodingStandards.md = CodingStandards.md
		.github\workflows\publish-nuget-manual.yml = .github\workflows\publish-nuget-manual.yml
		.github\workflows\publish-nuget.yml = .github\workflows\publish-nuget.yml
		README.md = README.md
		solution.settings.json = solution.settings.json
	EndProjectSection
EndProject
Project("{FAE04EC0-301F-11D3-BF4B-00C04F79EFBC}") = "Ama.CRDT", "Ama.CRDT\Ama.CRDT.csproj", "{0F3C9C86-DB28-9690-3D40-32EA6AFF616A}"
EndProject
Project("{FAE04EC0-301F-11D3-BF4B-00C04F79EFBC}") = "Ama.CRDT.Benchmarks", "Ama.CRDT.Benchmarks\Ama.CRDT.Benchmarks.csproj", "{277A1938-4A82-E166-F238-C4F962DE6339}"
EndProject
Project("{FAE04EC0-301F-11D3-BF4B-00C04F79EFBC}") = "Ama.CRDT.ShowCase", "Ama.CRDT.ShowCase\Ama.CRDT.ShowCase.csproj", "{79C4937F-7441-D266-3699-00689E9919EB}"
EndProject
Project("{FAE04EC0-301F-11D3-BF4B-00C04F79EFBC}") = "Ama.CRDT.UnitTests", "Ama.CRDT.UnitTests\Ama.CRDT.UnitTests.csproj", "{2AD76AF3-24A4-9389-6F51-A8C2BE906395}"
EndProject
Project("{FAE04EC0-301F-11D3-BF4B-00C04F79EFBC}") = "Ama.CRDT.Analyzers", "Ama.CRDT.Analyzers\Ama.CRDT.Analyzers.csproj", "{C300AF9F-AD7B-D997-8F60-A5E3C3137ED0}"
EndProject
Project("{FAE04EC0-301F-11D3-BF4B-00C04F79EFBC}") = "Ama.CRDT.Analyzers.UnitTests", "Ama.CRDT.Analyzers.UnitTests\Ama.CRDT.Analyzers.UnitTests.csproj", "{400653CF-FA3F-E1B9-7C1C-D4C7B4075B3F}"
EndProject
Project("{FAE04EC0-301F-11D3-BF4B-00C04F79EFBC}") = "Ama.CRDT.ShowCase.LargerThanMemory", "Ama.CRDT.ShowCase.LargerThanMemory\Ama.CRDT.ShowCase.LargerThanMemory.csproj", "{C76CC066-B0FD-4588-8EAC-4093C809C996}"
EndProject
Project("{FAE04EC0-301F-11D3-BF4B-00C04F79EFBC}") = "Ama.CRDT.Partitioning.Streams", "Ama.CRDT.Partitioning.Streams\Ama.CRDT.Partitioning.Streams.csproj", "{4D2AC29F-DC5D-4E58-A3A1-9ED70640EA47}"
EndProject
Project("{FAE04EC0-301F-11D3-BF4B-00C04F79EFBC}") = "Ama.CRDT.Partitioning.Streams.UnitTests", "Ama.CRDT.Partitioning.Streams.UnitTests\Ama.CRDT.Partitioning.Streams.UnitTests.csproj", "{3D4DA6DC-7F0B-48B3-873C-25B66A7D9F96}"
EndProject
Project("{2150E333-8FDC-42A3-9474-1A3956D46DE8}") = "ShowCases", "ShowCases", "{4A558AE3-826C-4DAA-8B8D-8FD51FF4E08C}"
EndProject
Project("{2150E333-8FDC-42A3-9474-1A3956D46DE8}") = "Analyzers", "Analyzers", "{0A121699-06BD-41D1-84D1-A81A10B7B190}"
EndProject
Project("{FAE04EC0-301F-11D3-BF4B-00C04F79EFBC}") = "Ama.CRDT.Project.Analyzers", "Ama.CRDT.Project.Analyzers\Ama.CRDT.Project.Analyzers.csproj", "{F8E3B21B-5F2F-EDAE-AC08-DF2AF6BE3159}"
EndProject
Project("{FAE04EC0-301F-11D3-BF4B-00C04F79EFBC}") = "Ama.CRDT.Project.Analyzers.UnitTests", "Ama.CRDT.Project.Analyzers.UnitTests\Ama.CRDT.Project.Analyzers.UnitTests.csproj", "{F2B545D7-0605-E3C3-6E3E-A2FF69C3228C}"
EndProject
Project("{FAE04EC0-301F-11D3-BF4B-00C04F79EFBC}") = "Ama.CRDT.IntegrationTests", "Ama.CRDT.IntegrationTests\Ama.CRDT.IntegrationTests.csproj", "{5DDC58C5-80E9-44DD-9141-539058B60E90}"
EndProject
Project("{FAE04EC0-301F-11D3-BF4B-00C04F79EFBC}") = "Ama.CRDT.PropertyTests", "Ama.CRDT.PropertyTests\Ama.CRDT.PropertyTests.csproj", "{1D896AF3-D0AD-4BB5-AB4B-C847DADDA667}"
EndProject
Project("{FAE04EC0-301F-11D3-BF4B-00C04F79EFBC}") = "Ama.CRDT.ShowCase.CollaborativeEditing", "Ama.CRDT.ShowCase.CollaborativeEditing\Ama.CRDT.ShowCase.CollaborativeEditing.csproj", "{F1804C34-3993-4C28-B241-721367D39CF4}"
EndProject
Global
	GlobalSection(SolutionConfigurationPlatforms) = preSolution
		Debug|Any CPU = Debug|Any CPU
		Release|Any CPU = Release|Any CPU
	EndGlobalSection
	GlobalSection(ProjectConfigurationPlatforms) = postSolution
		{0F3C9C86-DB28-9690-3D40-32EA6AFF616A}.Debug|Any CPU.ActiveCfg = Debug|Any CPU
		{0F3C9C86-DB28-9690-3D40-32EA6AFF616A}.Debug|Any CPU.Build.0 = Debug|Any CPU
		{0F3C9C86-DB28-9690-3D40-32EA6AFF616A}.Release|Any CPU.ActiveCfg = Release|Any CPU
		{0F3C9C86-DB28-9690-3D40-32EA6AFF616A}.Release|Any CPU.Build.0 = Release|Any CPU
		{277A1938-4A82-E166-F238-C4F962DE6339}.Debug|Any CPU.ActiveCfg = Debug|Any CPU
		{277A1938-4A82-E166-F238-C4F962DE6339}.Debug|Any CPU.Build.0 = Debug|Any CPU
		{277A1938-4A82-E166-F238-C4F962DE6339}.Release|Any CPU.ActiveCfg = Release|Any CPU
		{277A1938-4A82-E166-F238-C4F962DE6339}.Release|Any CPU.Build.0 = Release|Any CPU
		{79C4937F-7441-D266-3699-00689E9919EB}.Debug|Any CPU.ActiveCfg = Debug|Any CPU
		{79C4937F-7441-D266-3699-00689E9919EB}.Debug|Any CPU.Build.0 = Debug|Any CPU
		{79C4937F-7441-D266-3699-00689E9919EB}.Release|Any CPU.ActiveCfg = Release|Any CPU
		{79C4937F-7441-D266-3699-00689E9919EB}.Release|Any CPU.Build.0 = Release|Any CPU
		{2AD76AF3-24A4-9389-6F51-A8C2BE906395}.Debug|Any CPU.ActiveCfg = Debug|Any CPU
		{2AD76AF3-24A4-9389-6F51-A8C2BE906395}.Debug|Any CPU.Build.0 = Debug|Any CPU
		{2AD76AF3-24A4-9389-6F51-A8C2BE906395}.Release|Any CPU.ActiveCfg = Release|Any CPU
		{2AD76AF3-24A4-9389-6F51-A8C2BE906395}.Release|Any CPU.Build.0 = Release|Any CPU
		{C300AF9F-AD7B-D997-8F60-A5E3C3137ED0}.Debug|Any CPU.ActiveCfg = Debug|Any CPU
		{C300AF9F-AD7B-D997-8F60-A5E3C3137ED0}.Debug|Any CPU.Build.0 = Debug|Any CPU
		{C300AF9F-AD7B-D997-8F60-A5E3C3137ED0}.Release|Any CPU.ActiveCfg = Release|Any CPU
		{C300AF9F-AD7B-D997-8F60-A5E3C3137ED0}.Release|Any CPU.Build.0 = Release|Any CPU
		{400653CF-FA3F-E1B9-7C1C-D4C7B4075B3F}.Debug|Any CPU.ActiveCfg = Debug|Any CPU
		{400653CF-FA3F-E1B9-7C1C-D4C7B4075B3F}.Debug|Any CPU.Build.0 = Debug|Any CPU
		{400653CF-FA3F-E1B9-7C1C-D4C7B4075B3F}.Release|Any CPU.ActiveCfg = Release|Any CPU
		{400653CF-FA3F-E1B9-7C1C-D4C7B4075B3F}.Release|Any CPU.Build.0 = Release|Any CPU
		{C76CC066-B0FD-4588-8EAC-4093C809C996}.Debug|Any CPU.ActiveCfg = Debug|Any CPU
		{C76CC066-B0FD-4588-8EAC-4093C809C996}.Debug|Any CPU.Build.0 = Debug|Any CPU
		{C76CC066-B0FD-4588-8EAC-4093C809C996}.Release|Any CPU.ActiveCfg = Release|Any CPU
		{C76CC066-B0FD-4588-8EAC-4093C809C996}.Release|Any CPU.Build.0 = Release|Any CPU
		{4D2AC29F-DC5D-4E58-A3A1-9ED70640EA47}.Debug|Any CPU.ActiveCfg = Debug|Any CPU
		{4D2AC29F-DC5D-4E58-A3A1-9ED70640EA47}.Debug|Any CPU.Build.0 = Debug|Any CPU
		{4D2AC29F-DC5D-4E58-A3A1-9ED70640EA47}.Release|Any CPU.ActiveCfg = Release|Any CPU
		{4D2AC29F-DC5D-4E58-A3A1-9ED70640EA47}.Release|Any CPU.Build.0 = Release|Any CPU
		{3D4DA6DC-7F0B-48B3-873C-25B66A7D9F96}.Debug|Any CPU.ActiveCfg = Debug|Any CPU
		{3D4DA6DC-7F0B-48B3-873C-25B66A7D9F96}.Debug|Any CPU.Build.0 = Debug|Any CPU
		{3D4DA6DC-7F0B-48B3-873C-25B66A7D9F96}.Release|Any CPU.ActiveCfg = Release|Any CPU
		{3D4DA6DC-7F0B-48B3-873C-25B66A7D9F96}.Release|Any CPU.Build.0 = Release|Any CPU
		{F8E3B21B-5F2F-EDAE-AC08-DF2AF6BE3159}.Debug|Any CPU.ActiveCfg = Debug|Any CPU
		{F8E3B21B-5F2F-EDAE-AC08-DF2AF6BE3159}.Debug|Any CPU.Build.0 = Debug|Any CPU
		{F8E3B21B-5F2F-EDAE-AC08-DF2AF6BE3159}.Release|Any CPU.ActiveCfg = Release|Any CPU
		{F8E3B21B-5F2F-EDAE-AC08-DF2AF6BE3159}.Release|Any CPU.Build.0 = Release|Any CPU
		{F2B545D7-0605-E3C3-6E3E-A2FF69C3228C}.Debug|Any CPU.ActiveCfg = Debug|Any CPU
		{F2B545D7-0605-E3C3-6E3E-A2FF69C3228C}.Debug|Any CPU.Build.0 = Debug|Any CPU
		{F2B545D7-0605-E3C3-6E3E-A2FF69C3228C}.Release|Any CPU.ActiveCfg = Release|Any CPU
		{F2B545D7-0605-E3C3-6E3E-A2FF69C3228C}.Release|Any CPU.Build.0 = Release|Any CPU
		{5DDC58C5-80E9-44DD-9141-539058B60E90}.Debug|Any CPU.ActiveCfg = Debug|Any CPU
		{5DDC58C5-80E9-44DD-9141-539058B60E90}.Debug|Any CPU.Build.0 = Debug|Any CPU
		{5DDC58C5-80E9-44DD-9141-539058B60E90}.Release|Any CPU.ActiveCfg = Release|Any CPU
		{5DDC58C5-80E9-44DD-9141-539058B60E90}.Release|Any CPU.Build.0 = Release|Any CPU
		{1D896AF3-D0AD-4BB5-AB4B-C847DADDA667}.Debug|Any CPU.ActiveCfg = Debug|Any CPU
		{1D896AF3-D0AD-4BB5-AB4B-C847DADDA667}.Debug|Any CPU.Build.0 = Debug|Any CPU
		{1D896AF3-D0AD-4BB5-AB4B-C847DADDA667}.Release|Any CPU.ActiveCfg = Release|Any CPU
		{1D896AF3-D0AD-4BB5-AB4B-C847DADDA667}.Release|Any CPU.Build.0 = Release|Any CPU
		{F1804C34-3993-4C28-B241-721367D39CF4}.Debug|Any CPU.ActiveCfg = Debug|Any CPU
		{F1804C34-3993-4C28-B241-721367D39CF4}.Debug|Any CPU.Build.0 = Debug|Any CPU
		{F1804C34-3993-4C28-B241-721367D39CF4}.Release|Any CPU.ActiveCfg = Release|Any CPU
		{F1804C34-3993-4C28-B241-721367D39CF4}.Release|Any CPU.Build.0 = Release|Any CPU
	EndGlobalSection
	GlobalSection(SolutionProperties) = preSolution
		HideSolutionNode = FALSE
	EndGlobalSection
	GlobalSection(NestedProjects) = preSolution
		{79C4937F-7441-D266-3699-00689E9919EB} = {4A558AE3-826C-4DAA-8B8D-8FD51FF4E08C}
		{C300AF9F-AD7B-D997-8F60-A5E3C3137ED0} = {0A121699-06BD-41D1-84D1-A81A10B7B190}
		{400653CF-FA3F-E1B9-7C1C-D4C7B4075B3F} = {0A121699-06BD-41D1-84D1-A81A10B7B190}
		{C76CC066-B0FD-4588-8EAC-4093C809C996} = {4A558AE3-826C-4DAA-8B8D-8FD51FF4E08C}
		{F8E3B21B-5F2F-EDAE-AC08-DF2AF6BE3159} = {0A121699-06BD-41D1-84D1-A81A10B7B190}
		{F2B545D7-0605-E3C3-6E3E-A2FF69C3228C} = {0A121699-06BD-41D1-84D1-A81A10B7B190}
		{F1804C34-3993-4C28-B241-721367D39CF4} = {4A558AE3-826C-4DAA-8B8D-8FD51FF4E08C}
	EndGlobalSection
	GlobalSection(ExtensibilityGlobals) = postSolution
		SolutionGuid = {46797D89-246A-47AA-8963-268F6CC6ADA5}
	EndGlobalSection
EndGlobal
